
Microsoft Visual Studio Solution File, Format Version 12.00
# Visual Studio Version 17
VisualStudioVersion = 17.8.0.0
MinimumVisualStudioVersion = 17.8.0.0
Project("{9A19103F-16F7-4668-BE54-9A1E7A4F7556}") = "aspire92.AppHost", "aspire92.AppHost\aspire92.AppHost.csproj", "{3B7E6DAA-4644-4C9A-A321-6ADB2412FD17}"
EndProject
Project("{9A19103F-16F7-4668-BE54-9A1E7A4F7556}") = "aspire92.ServiceDefaults", "aspire92.ServiceDefaults\aspire92.ServiceDefaults.csproj", "{971AC9AD-FF64-4F16-9049-9DB6BFB4D3BC}"
EndProject
Project("{9A19103F-16F7-4668-BE54-9A1E7A4F7556}") = "aspire92.ApiService", "aspire92.ApiService\aspire92.ApiService.csproj", "{1543F34A-4BFC-42DF-B78D-EE9F77BBCA86}"
EndProject
Project("{9A19103F-16F7-4668-BE54-9A1E7A4F7556}") = "aspire92.Web", "aspire92.Web\aspire92.Web.csproj", "{0FEE0C39-548A-40AC-B600-37095AFE09C0}"
EndProject
Project("{FAE04EC0-301F-11D3-BF4B-00C04F79EFBC}") = "BIS.BPC.Core.Calculation", "BIS.BPC.Core.Calculation\BIS.BPC.Core.Calculation.csproj", "{23E05024-45B6-48B1-A819-E6F313981C2C}"
EndProject
Project("{2150E333-8FDC-42A3-9474-1A3956D46DE8}") = "BPC", "BPC", "{02EA681E-C7D8-13C7-8484-4AC65E1B71E8}"
EndProject
Project("{FAE04EC0-301F-11D3-BF4B-00C04F79EFBC}") = "BIS.BPC.Core.Services", "BIS.BPC.Core.Services\BIS.BPC.Core.Services.csproj", "{6D4F5517-5F8B-4A59-8C46-F8CB6AE977AA}"
EndProject
Project("{FAE04EC0-301F-11D3-BF4B-00C04F79EFBC}") = "aspire92.Tests", "..\test\aspire92.Tests\aspire92.Tests.csproj", "{03DAEE7E-21A9-47A7-B58D-68FAB9B31C08}"
EndProject
Project("{2150E333-8FDC-42A3-9474-1A3956D46DE8}") = "Hosts", "Hosts", "{376FECA4-6F64-4F84-B15D-6ADE51324F2D}"
EndProject
Project("{2150E333-8FDC-42A3-9474-1A3956D46DE8}") = "Tests", "Tests", "{17EE6079-2673-4CAA-A314-19C87D91C68F}"
EndProject
Project("{FAE04EC0-301F-11D3-BF4B-00C04F79EFBC}") = "BIS.BPC.WebHost.Net9", "BIS.BPC.WebHost.Net9\BIS.BPC.WebHost.Net9.csproj", "{38D260EE-7038-4971-BDA6-C9D85B263E12}"
EndProject
Project("{FAE04EC0-301F-11D3-BF4B-00C04F79EFBC}") = "aspire92.YarpProxy", "aspire92.YarpProxy\aspire92.YarpProxy.csproj", "{5D61F1D1-F12E-4B45-ADFD-636942AD6172}"
EndProject
Global
	GlobalSection(SolutionConfigurationPlatforms) = preSolution
		Debug|Any CPU = Debug|Any CPU
		Release|Any CPU = Release|Any CPU
	EndGlobalSection
	GlobalSection(ProjectConfigurationPlatforms) = postSolution
		{3B7E6DAA-4644-4C9A-A321-6ADB2412FD17}.Debug|Any CPU.ActiveCfg = Debug|Any CPU
		{3B7E6DAA-4644-4C9A-A321-6ADB2412FD17}.Debug|Any CPU.Build.0 = Debug|Any CPU
		{3B7E6DAA-4644-4C9A-A321-6ADB2412FD17}.Release|Any CPU.ActiveCfg = Release|Any CPU
		{3B7E6DAA-4644-4C9A-A321-6ADB2412FD17}.Release|Any CPU.Build.0 = Release|Any CPU
		{971AC9AD-FF64-4F16-9049-9DB6BFB4D3BC}.Debug|Any CPU.ActiveCfg = Debug|Any CPU
		{971AC9AD-FF64-4F16-9049-9DB6BFB4D3BC}.Debug|Any CPU.Build.0 = Debug|Any CPU
		{971AC9AD-FF64-4F16-9049-9DB6BFB4D3BC}.Release|Any CPU.ActiveCfg = Release|Any CPU
		{971AC9AD-FF64-4F16-9049-9DB6BFB4D3BC}.Release|Any CPU.Build.0 = Release|Any CPU
		{1543F34A-4BFC-42DF-B78D-EE9F77BBCA86}.Debug|Any CPU.ActiveCfg = Debug|Any CPU
		{1543F34A-4BFC-42DF-B78D-EE9F77BBCA86}.Debug|Any CPU.Build.0 = Debug|Any CPU
		{1543F34A-4BFC-42DF-B78D-EE9F77BBCA86}.Release|Any CPU.ActiveCfg = Release|Any CPU
		{1543F34A-4BFC-42DF-B78D-EE9F77BBCA86}.Release|Any CPU.Build.0 = Release|Any CPU
		{0FEE0C39-548A-40AC-B600-37095AFE09C0}.Debug|Any CPU.ActiveCfg = Debug|Any CPU
		{0FEE0C39-548A-40AC-B600-37095AFE09C0}.Debug|Any CPU.Build.0 = Debug|Any CPU
		{0FEE0C39-548A-40AC-B600-37095AFE09C0}.Release|Any CPU.ActiveCfg = Release|Any CPU
		{0FEE0C39-548A-40AC-B600-37095AFE09C0}.Release|Any CPU.Build.0 = Release|Any CPU
		{23E05024-45B6-48B1-A819-E6F313981C2C}.Debug|Any CPU.ActiveCfg = Debug|Any CPU
		{23E05024-45B6-48B1-A819-E6F313981C2C}.Debug|Any CPU.Build.0 = Debug|Any CPU
		{23E05024-45B6-48B1-A819-E6F313981C2C}.Release|Any CPU.ActiveCfg = Release|Any CPU
		{23E05024-45B6-48B1-A819-E6F313981C2C}.Release|Any CPU.Build.0 = Release|Any CPU
		{6D4F5517-5F8B-4A59-8C46-F8CB6AE977AA}.Debug|Any CPU.ActiveCfg = Debug|Any CPU
		{6D4F5517-5F8B-4A59-8C46-F8CB6AE977AA}.Debug|Any CPU.Build.0 = Debug|Any CPU
		{6D4F5517-5F8B-4A59-8C46-F8CB6AE977AA}.Release|Any CPU.ActiveCfg = Release|Any CPU
		{6D4F5517-5F8B-4A59-8C46-F8CB6AE977AA}.Release|Any CPU.Build.0 = Release|Any CPU
		{03DAEE7E-21A9-47A7-B58D-68FAB9B31C08}.Debug|Any CPU.ActiveCfg = Debug|Any CPU
		{03DAEE7E-21A9-47A7-B58D-68FAB9B31C08}.Debug|Any CPU.Build.0 = Debug|Any CPU
		{03DAEE7E-21A9-47A7-B58D-68FAB9B31C08}.Release|Any CPU.ActiveCfg = Release|Any CPU
		{03DAEE7E-21A9-47A7-B58D-68FAB9B31C08}.Release|Any CPU.Build.0 = Release|Any CPU
		{38D260EE-7038-4971-BDA6-C9D85B263E12}.Debug|Any CPU.ActiveCfg = Debug|Any CPU
		{38D260EE-7038-4971-BDA6-C9D85B263E12}.Debug|Any CPU.Build.0 = Debug|Any CPU
		{38D260EE-7038-4971-BDA6-C9D85B263E12}.Release|Any CPU.ActiveCfg = Release|Any CPU
		{38D260EE-7038-4971-BDA6-C9D85B263E12}.Release|Any CPU.Build.0 = Release|Any CPU
		{81DDED9D-158B-E303-5F62-77A2896D2A5A}.Debug|Any CPU.ActiveCfg = Debug|Any CPU
		{81DDED9D-158B-E303-5F62-77A2896D2A5A}.Debug|Any CPU.Build.0 = Debug|Any CPU
		{81DDED9D-158B-E303-5F62-77A2896D2A5A}.Release|Any CPU.ActiveCfg = Release|Any CPU
		{81DDED9D-158B-E303-5F62-77A2896D2A5A}.Release|Any CPU.Build.0 = Release|Any CPU
		{5D61F1D1-F12E-4B45-ADFD-636942AD6172}.Debug|Any CPU.ActiveCfg = Debug|Any CPU
		{5D61F1D1-F12E-4B45-ADFD-636942AD6172}.Debug|Any CPU.Build.0 = Debug|Any CPU
		{5D61F1D1-F12E-4B45-ADFD-636942AD6172}.Release|Any CPU.ActiveCfg = Release|Any CPU
		{5D61F1D1-F12E-4B45-ADFD-636942AD6172}.Release|Any CPU.Build.0 = Release|Any CPU
	EndGlobalSection
	GlobalSection(SolutionProperties) = preSolution
		HideSolutionNode = FALSE
	EndGlobalSection
	GlobalSection(NestedProjects) = preSolution
		{1543F34A-4BFC-42DF-B78D-EE9F77BBCA86} = {376FECA4-6F64-4F84-B15D-6ADE51324F2D}
		{0FEE0C39-548A-40AC-B600-37095AFE09C0} = {376FECA4-6F64-4F84-B15D-6ADE51324F2D}
		{23E05024-45B6-48B1-A819-E6F313981C2C} = {02EA681E-C7D8-13C7-8484-4AC65E1B71E8}
		{6D4F5517-5F8B-4A59-8C46-F8CB6AE977AA} = {02EA681E-C7D8-13C7-8484-4AC65E1B71E8}
		{03DAEE7E-21A9-47A7-B58D-68FAB9B31C08} = {17EE6079-2673-4CAA-A314-19C87D91C68F}
		{38D260EE-7038-4971-BDA6-C9D85B263E12} = {376FECA4-6F64-4F84-B15D-6ADE51324F2D}
		{5D61F1D1-F12E-4B45-ADFD-636942AD6172} = {376FECA4-6F64-4F84-B15D-6ADE51324F2D}
	EndGlobalSection
	GlobalSection(ExtensibilityGlobals) = postSolution
		FileExplorer = |..\test\
		SolutionGuid = {2C889BDF-BEEC-4788-94FC-FE7E1DA7C862}
	EndGlobalSection
EndGlobal
